
Microsoft Visual Studio Solution File, Format Version 12.00
# Visual Studio 15
VisualStudioVersion = 15.0.28307.645
MinimumVisualStudioVersion = 10.0.40219.1
Project("{FAE04EC0-301F-11D3-BF4B-00C04F79EFBC}") = "Exam", "Exam\Exam.csproj", "{BFCB9E35-AA94-4EF0-83E0-8F60BA449663}"
EndProject
Project("{FAE04EC0-301F-11D3-BF4B-00C04F79EFBC}") = "BL", "BL\BL.csproj", "{F77C114C-F795-4842-AD09-A1BEC9FE6ADD}"
EndProject
Project("{FAE04EC0-301F-11D3-BF4B-00C04F79EFBC}") = "DAL", "DAL\DAL.csproj", "{2244AC99-0F45-4BB8-9E68-8BB8CE50C99F}"
EndProject
Project("{FAE04EC0-301F-11D3-BF4B-00C04F79EFBC}") = "Utilities", "Utilities\Utilities.csproj", "{2964083F-E6C2-423A-AB5D-1C96D9BED894}"
EndProject
Project("{FAE04EC0-301F-11D3-BF4B-00C04F79EFBC}") = "DTO", "DTO\DTO.csproj", "{5471DE5D-C7CB-4EA1-A091-F3B1B7D21A4A}"
EndProject
Global
	GlobalSection(SolutionConfigurationPlatforms) = preSolution
		Debug|Any CPU = Debug|Any CPU
		Release|Any CPU = Release|Any CPU
	EndGlobalSection
	GlobalSection(ProjectConfigurationPlatforms) = postSolution
		{BFCB9E35-AA94-4EF0-83E0-8F60BA449663}.Debug|Any CPU.ActiveCfg = Debug|Any CPU
		{BFCB9E35-AA94-4EF0-83E0-8F60BA449663}.Debug|Any CPU.Build.0 = Debug|Any CPU
		{BFCB9E35-AA94-4EF0-83E0-8F60BA449663}.Release|Any CPU.ActiveCfg = Release|Any CPU
		{BFCB9E35-AA94-4EF0-83E0-8F60BA449663}.Release|Any CPU.Build.0 = Release|Any CPU
		{F77C114C-F795-4842-AD09-A1BEC9FE6ADD}.Debug|Any CPU.ActiveCfg = Debug|Any CPU
		{F77C114C-F795-4842-AD09-A1BEC9FE6ADD}.Debug|Any CPU.Build.0 = Debug|Any CPU
		{F77C114C-F795-4842-AD09-A1BEC9FE6ADD}.Release|Any CPU.ActiveCfg = Release|Any CPU
		{F77C114C-F795-4842-AD09-A1BEC9FE6ADD}.Release|Any CPU.Build.0 = Release|Any CPU
		{2244AC99-0F45-4BB8-9E68-8BB8CE50C99F}.Debug|Any CPU.ActiveCfg = Debug|Any CPU
		{2244AC99-0F45-4BB8-9E68-8BB8CE50C99F}.Debug|Any CPU.Build.0 = Debug|Any CPU
		{2244AC99-0F45-4BB8-9E68-8BB8CE50C99F}.Release|Any CPU.ActiveCfg = Release|Any CPU
		{2244AC99-0F45-4BB8-9E68-8BB8CE50C99F}.Release|Any CPU.Build.0 = Release|Any CPU
		{2964083F-E6C2-423A-AB5D-1C96D9BED894}.Debug|Any CPU.ActiveCfg = Debug|Any CPU
		{2964083F-E6C2-423A-AB5D-1C96D9BED894}.Debug|Any CPU.Build.0 = Debug|Any CPU
		{2964083F-E6C2-423A-AB5D-1C96D9BED894}.Release|Any CPU.ActiveCfg = Release|Any CPU
		{2964083F-E6C2-423A-AB5D-1C96D9BED894}.Release|Any CPU.Build.0 = Release|Any CPU
		{5471DE5D-C7CB-4EA1-A091-F3B1B7D21A4A}.Debug|Any CPU.ActiveCfg = Debug|Any CPU
		{5471DE5D-C7CB-4EA1-A091-F3B1B7D21A4A}.Debug|Any CPU.Build.0 = Debug|Any CPU
		{5471DE5D-C7CB-4EA1-A091-F3B1B7D21A4A}.Release|Any CPU.ActiveCfg = Release|Any CPU
		{5471DE5D-C7CB-4EA1-A091-F3B1B7D21A4A}.Release|Any CPU.Build.0 = Release|Any CPU
	EndGlobalSection
	GlobalSection(SolutionProperties) = preSolution
		HideSolutionNode = FALSE
	EndGlobalSection
	GlobalSection(ExtensibilityGlobals) = postSolution
		SolutionGuid = {AA5967B4-F2FB-492D-94BD-0BE6D4A7DA4F}
	EndGlobalSection
EndGlobal
